dependencies:
- name: mbabank-common
  repository: file://../../mbabank-common
  version: 0.1.0
- name: configserver
  repository: file://../../mbabank-services/configserver
  version: 0.1.0
- name: accounts
  repository: file://../../mbabank-services/accounts
  version: 0.1.0
- name: cards
  repository: file://../../mbabank-services/cards
  version: 0.1.0
- name: loans
  repository: file://../../mbabank-services/loans
  version: 0.1.0
- name: gatewayserver
  repository: file://../../mbabank-services/gatewayserver
  version: 0.1.0
- name: message
  repository: file://../../mbabank-services/message
  version: 0.1.0
- name: accounts-db
  repository: file://../../mbabank-services/accounts-db
  version: 11.1.16
- name: cards-db
  repository: file://../../mbabank-services/cards-db
  version: 11.1.16
- name: loans-db
  repository: file://../../mbabank-services/loans-db
  version: 11.1.16
digest: sha256:5162241372408ffedcfc3d6b49d85b87f966c55d200228fa88150d102dfa06ff
generated: "2024-09-24T15:03:22.1368994+02:00"
