dependencies:
- name: postgresql
  repository: oci://registry-1.docker.io/bitnamicharts
  version: 12.12.10
- name: common
  repository: oci://registry-1.docker.io/bitnamicharts
  version: 2.22.0
digest: sha256:037d8172ca3490a43a9a9db35416e7131b6c0791829fcc7479e98694cfc989a2
generated: "2024-09-10T23:46:49.5317008+02:00"
