dependencies:
- name: memcached
  repository: oci://registry-1.docker.io/bitnamicharts
  version: 6.14.0
- name: common
  repository: oci://registry-1.docker.io/bitnamicharts
  version: 2.22.0
digest: sha256:045a3fec692fd2a12dd52702ac6115b560086e9999907c13c9c23054ebeb7cac
generated: "2024-09-10T23:48:51.8240141+02:00"
